
Microsoft Visual Studio Solution File, Format Version 12.00
# Visual Studio Version 16
VisualStudioVersion = 16.0.31025.194
MinimumVisualStudioVersion = 10.0.40219.1
Project("{9A19103F-16F7-4668-BE54-9A1E7A4F7556}") = "PluralSight_AngularCourse", "PluralSight_AngularCourse\PluralSight_AngularCourse.csproj", "{5E20C5B5-635A-492A-BE70-0111104268A2}"
EndProject
Global
	GlobalSection(SolutionConfigurationPlatforms) = preSolution
		Debug|Any CPU = Debug|Any CPU
		Release|Any CPU = Release|Any CPU
	EndGlobalSection
	GlobalSection(ProjectConfigurationPlatforms) = postSolution
		{5E20C5B5-635A-492A-BE70-0111104268A2}.Debug|Any CPU.ActiveCfg = Debug|Any CPU
		{5E20C5B5-635A-492A-BE70-0111104268A2}.Debug|Any CPU.Build.0 = Debug|Any CPU
		{5E20C5B5-635A-492A-BE70-0111104268A2}.Release|Any CPU.ActiveCfg = Release|Any CPU
		{5E20C5B5-635A-492A-BE70-0111104268A2}.Release|Any CPU.Build.0 = Release|Any CPU
	EndGlobalSection
	GlobalSection(SolutionProperties) = preSolution
		HideSolutionNode = FALSE
	EndGlobalSection
	GlobalSection(ExtensibilityGlobals) = postSolution
		SolutionGuid = {75A983D3-F7A4-48C8-94B7-81BBAC54C97E}
	EndGlobalSection
EndGlobal
